
Microsoft Visual Studio Solution File, Format Version 12.00
# Visual Studio 14
VisualStudioVersion = 14.0.25420.1
MinimumVisualStudioVersion = 10.0.40219.1
Project("{FAE04EC0-301F-11D3-BF4B-00C04F79EFBC}") = "2ErsteDemo", "2ErsteDemo\2ErsteDemo.csproj", "{0007D8D3-BBF1-4F71-BD0A-94EBA26658A4}"
EndProject
Project("{FAE04EC0-301F-11D3-BF4B-00C04F79EFBC}") = "3AufgabeAuto", "3AufgabeAuto\3AufgabeAuto.csproj", "{C139EF09-8FFE-4976-B691-0E53D9D1669E}"
EndProject
Project("{FAE04EC0-301F-11D3-BF4B-00C04F79EFBC}") = "4Datenkapselung", "Datenkapselung\4Datenkapselung.csproj", "{7874CA32-DAB5-4ECB-AF59-AA5BD11DE40E}"
EndProject
Project("{FAE04EC0-301F-11D3-BF4B-00C04F79EFBC}") = "5Tagesaufgabe", "5Tagesaufgabe\5Tagesaufgabe.csproj", "{7D2AC4E4-4173-4D9C-BDED-011440EBB55E}"
EndProject
Project("{FAE04EC0-301F-11D3-BF4B-00C04F79EFBC}") = "6WerteUndReferenztypen", "6WerteUndReferenztypen\6WerteUndReferenztypen.csproj", "{332123B8-9AA5-4C98-9B8D-10879FE49E92}"
EndProject
Project("{FAE04EC0-301F-11D3-BF4B-00C04F79EFBC}") = "7Vererbung", "7Vererbung\7Vererbung.csproj", "{C65E3600-1BA5-41C1-967E-90B9C7AA0005}"
EndProject
Global
	GlobalSection(SolutionConfigurationPlatforms) = preSolution
		Debug|Any CPU = Debug|Any CPU
		Release|Any CPU = Release|Any CPU
	EndGlobalSection
	GlobalSection(ProjectConfigurationPlatforms) = postSolution
		{0007D8D3-BBF1-4F71-BD0A-94EBA26658A4}.Debug|Any CPU.ActiveCfg = Debug|Any CPU
		{0007D8D3-BBF1-4F71-BD0A-94EBA26658A4}.Debug|Any CPU.Build.0 = Debug|Any CPU
		{0007D8D3-BBF1-4F71-BD0A-94EBA26658A4}.Release|Any CPU.ActiveCfg = Release|Any CPU
		{0007D8D3-BBF1-4F71-BD0A-94EBA26658A4}.Release|Any CPU.Build.0 = Release|Any CPU
		{C139EF09-8FFE-4976-B691-0E53D9D1669E}.Debug|Any CPU.ActiveCfg = Debug|Any CPU
		{C139EF09-8FFE-4976-B691-0E53D9D1669E}.Debug|Any CPU.Build.0 = Debug|Any CPU
		{C139EF09-8FFE-4976-B691-0E53D9D1669E}.Release|Any CPU.ActiveCfg = Release|Any CPU
		{C139EF09-8FFE-4976-B691-0E53D9D1669E}.Release|Any CPU.Build.0 = Release|Any CPU
		{7874CA32-DAB5-4ECB-AF59-AA5BD11DE40E}.Debug|Any CPU.ActiveCfg = Debug|Any CPU
		{7874CA32-DAB5-4ECB-AF59-AA5BD11DE40E}.Debug|Any CPU.Build.0 = Debug|Any CPU
		{7874CA32-DAB5-4ECB-AF59-AA5BD11DE40E}.Release|Any CPU.ActiveCfg = Release|Any CPU
		{7874CA32-DAB5-4ECB-AF59-AA5BD11DE40E}.Release|Any CPU.Build.0 = Release|Any CPU
		{7D2AC4E4-4173-4D9C-BDED-011440EBB55E}.Debug|Any CPU.ActiveCfg = Debug|Any CPU
		{7D2AC4E4-4173-4D9C-BDED-011440EBB55E}.Debug|Any CPU.Build.0 = Debug|Any CPU
		{7D2AC4E4-4173-4D9C-BDED-011440EBB55E}.Release|Any CPU.ActiveCfg = Release|Any CPU
		{7D2AC4E4-4173-4D9C-BDED-011440EBB55E}.Release|Any CPU.Build.0 = Release|Any CPU
		{332123B8-9AA5-4C98-9B8D-10879FE49E92}.Debug|Any CPU.ActiveCfg = Debug|Any CPU
		{332123B8-9AA5-4C98-9B8D-10879FE49E92}.Debug|Any CPU.Build.0 = Debug|Any CPU
		{332123B8-9AA5-4C98-9B8D-10879FE49E92}.Release|Any CPU.ActiveCfg = Release|Any CPU
		{332123B8-9AA5-4C98-9B8D-10879FE49E92}.Release|Any CPU.Build.0 = Release|Any CPU
		{C65E3600-1BA5-41C1-967E-90B9C7AA0005}.Debug|Any CPU.ActiveCfg = Debug|Any CPU
		{C65E3600-1BA5-41C1-967E-90B9C7AA0005}.Debug|Any CPU.Build.0 = Debug|Any CPU
		{C65E3600-1BA5-41C1-967E-90B9C7AA0005}.Release|Any CPU.ActiveCfg = Release|Any CPU
		{C65E3600-1BA5-41C1-967E-90B9C7AA0005}.Release|Any CPU.Build.0 = Release|Any CPU
	EndGlobalSection
	GlobalSection(SolutionProperties) = preSolution
		HideSolutionNode = FALSE
	EndGlobalSection
EndGlobal
